
Microsoft Visual Studio Solution File, Format Version 12.00
# Visual Studio 15
VisualStudioVersion = 15.0.27130.2024
MinimumVisualStudioVersion = 10.0.40219.1
Project("{FAE04EC0-301F-11D3-BF4B-00C04F79EFBC}") = "DiRoots", "DiRoots\DiRoots.csproj", "{37DBFF1E-788D-4275-B3B8-CDD527D6EE7A}"
EndProject
Global
	GlobalSection(SolutionConfigurationPlatforms) = preSolution
		Debug|Any CPU = Debug|Any CPU
		Release|Any CPU = Release|Any CPU
	EndGlobalSection
	GlobalSection(ProjectConfigurationPlatforms) = postSolution
		{37DBFF1E-788D-4275-B3B8-CDD527D6EE7A}.Debug|Any CPU.ActiveCfg = Debug|Any CPU
		{37DBFF1E-788D-4275-B3B8-CDD527D6EE7A}.Debug|Any CPU.Build.0 = Debug|Any CPU
		{37DBFF1E-788D-4275-B3B8-CDD527D6EE7A}.Release|Any CPU.ActiveCfg = Release|Any CPU
		{37DBFF1E-788D-4275-B3B8-CDD527D6EE7A}.Release|Any CPU.Build.0 = Release|Any CPU
	EndGlobalSection
	GlobalSection(SolutionProperties) = preSolution
		HideSolutionNode = FALSE
	EndGlobalSection
	GlobalSection(ExtensibilityGlobals) = postSolution
		SolutionGuid = {9C77DCB5-6997-493D-B4FF-95625657AAA5}
	EndGlobalSection
EndGlobal
